
Microsoft Visual Studio Solution File, Format Version 12.00
# Visual Studio Version 17
VisualStudioVersion = 17.13.35731.43
MinimumVisualStudioVersion = 10.0.40219.1
Project("{FAE04EC0-301F-11D3-BF4B-00C04F79EFBC}") = "CustomizeLib.MelonLoader", "MelonLoader\CustomizeLib.MelonLoader\CustomizeLib.MelonLoader.csproj", "{94D44102-4ED2-488E-8039-BEBD9EACC976}"
EndProject
Project("{FAE04EC0-301F-11D3-BF4B-00C04F79EFBC}") = "CustomizeLib.BepInEx", "BepInEx\CustomizeLib.BepInEx\CustomizeLib.BepInEx.csproj", "{0C1E37ED-F98F-C9AB-2788-675AD5BF7AFC}"
EndProject
Project("{FAE04EC0-301F-11D3-BF4B-00C04F79EFBC}") = "ElectricPeaReborn.BepInEx", "BepInEx\ElectricPeaReborn.BepInEx\ElectricPeaReborn.BepInEx.csproj", "{EF36B04E-5C2E-4FDB-98F2-4877CA31809D}"
EndProject
Project("{FAE04EC0-301F-11D3-BF4B-00C04F79EFBC}") = "ElectricPeaReborn.MelonLoader", "MelonLoader\ElectricPeaReborn.MelonLoader\ElectricPeaReborn.MelonLoader.csproj", "{F8C09B25-0575-4BD1-8447-C29A85159292}"
EndProject
Project("{FAE04EC0-301F-11D3-BF4B-00C04F79EFBC}") = "SuperDiamondNut.MelonLoader", "MelonLoader\SuperDiamondNut.MelonLoader\SuperDiamondNut.MelonLoader.csproj", "{81E133A4-C385-4325-81C5-65BDCCDD722C}"
EndProject
Project("{FAE04EC0-301F-11D3-BF4B-00C04F79EFBC}") = "SuperDiamondNut.BepInEx", "BepInEx\SuperDiamondNut.BepInEx\SuperDiamondNut.BepInEx.csproj", "{3F33230D-2519-4257-A313-C041DCF0D154}"
EndProject
Project("{FAE04EC0-301F-11D3-BF4B-00C04F79EFBC}") = "IronPeasExtra.MelonLoader", "MelonLoader\IronPeasExtra.MelonLoader\IronPeasExtra.MelonLoader.csproj", "{87C8F244-61A3-4515-B2B0-8CBA5FA54F34}"
EndProject
Project("{FAE04EC0-301F-11D3-BF4B-00C04F79EFBC}") = "IronPeasExtra.BepInEx", "BepInEx\IronPeasExtra.BepInEx\IronPeasExtra.BepInEx.csproj", "{42B6EAFE-86A7-4F7C-985C-0EB470AE0A23}"
EndProject
Project("{FAE04EC0-301F-11D3-BF4B-00C04F79EFBC}") = "SuperDoomSqualour.MelonLoader", "MelonLoader\SuperHypnoDoomSqualour.MelonLoader\SuperDoomSqualour.MelonLoader.csproj", "{02C8444B-7CE6-4E16-8653-63C597697412}"
EndProject
Project("{FAE04EC0-301F-11D3-BF4B-00C04F79EFBC}") = "SuperDoomSqualour.BepInEx", "BepInEx\SuperHypnoDoomSqualour.BepInEx\SuperDoomSqualour.BepInEx.csproj", "{AFF75A84-1C4A-4100-95E0-514F053DC910}"
EndProject
Project("{FAE04EC0-301F-11D3-BF4B-00C04F79EFBC}") = "SuperGarlicFume.MelonLoader", "MelonLoader\SuperGarlicFume.MelonLoader\SuperGarlicFume.MelonLoader.csproj", "{A3613A65-3B2A-40C7-969C-8DA191840ACC}"
EndProject
Project("{FAE04EC0-301F-11D3-BF4B-00C04F79EFBC}") = "SuperHypnoNut.MelonLoader", "MelonLoader\SuperHypnoNut.MelonLoader\SuperHypnoNut.MelonLoader.csproj", "{AFF7502B-A71F-4446-B5AC-C331896212EC}"
EndProject
Project("{FAE04EC0-301F-11D3-BF4B-00C04F79EFBC}") = "SuperCornUmbrella.MelonLoader", "MelonLoader\SuperCornUmbrella.MelonLoader\SuperCornUmbrella.MelonLoader.csproj", "{BBA3DAE0-3832-45FF-BB61-0CE093A37278}"
EndProject
Project("{FAE04EC0-301F-11D3-BF4B-00C04F79EFBC}") = "SuperHypnoUmbrella.MelonLoader", "MelonLoader\SuperHypnoUmbrella.MelonLoader\SuperHypnoUmbrella.MelonLoader.csproj", "{41AF7948-E4A3-4C32-AD65-10D47D5F4026}"
EndProject
Project("{FAE04EC0-301F-11D3-BF4B-00C04F79EFBC}") = "CherryPeaChomper.MelonLoader", "MelonLoader\CherryPeaChomper.MelonLoader\CherryPeaChomper.MelonLoader.csproj", "{428112A4-ADDA-4F80-8860-502F31ED7CCF}"
EndProject
Project("{FAE04EC0-301F-11D3-BF4B-00C04F79EFBC}") = "HypnoSquash.MelonLoader", "MelonLoader\HypnoSquash.MelonLoader\HypnoSquash.MelonLoader.csproj", "{3D95940E-3F75-4C95-9A08-9B155E6A48DF}"
EndProject
Project("{FAE04EC0-301F-11D3-BF4B-00C04F79EFBC}") = "CherryPeaChomper.BepInEx", "BepInEx\CherryPeaChomper.BepInEx\CherryPeaChomper.BepInEx.csproj", "{375AEA77-F569-479B-8449-23C90E789910}"
EndProject
Project("{FAE04EC0-301F-11D3-BF4B-00C04F79EFBC}") = "HypnoSquash.BepInEx", "BepInEx\HypnoSquash.BepInEx\HypnoSquash.BepInEx.csproj", "{2290CD01-7BAF-4A4A-874D-69E1CB5DE9D3}"
EndProject
Project("{FAE04EC0-301F-11D3-BF4B-00C04F79EFBC}") = "SuperCornUmbrella.BepInEx", "BepInEx\SuperCornUmbrella.BepInEx\SuperCornUmbrella.BepInEx.csproj", "{A73577ED-83DA-4738-B928-BE1270C426FF}"
EndProject
Project("{FAE04EC0-301F-11D3-BF4B-00C04F79EFBC}") = "SuperGarlicFume.BepInEx", "BepInEx\SuperGarlicFume.BepInEx\SuperGarlicFume.BepInEx.csproj", "{16DE53FB-1260-46E4-A1C2-0207E4E9D4F3}"
EndProject
Project("{FAE04EC0-301F-11D3-BF4B-00C04F79EFBC}") = "SuperHypnoUmbrella.BepInEx", "BepInEx\SuperHypnoUmbrella.BepInEx\SuperHypnoUmbrella.BepInEx.csproj", "{5FFD23DA-6DF0-4B02-9A7B-2C9885845989}"
EndProject
Project("{FAE04EC0-301F-11D3-BF4B-00C04F79EFBC}") = "IceMelonCannon.MelonLoader", "MelonLoader\IceMelonCannon.MelonLoader\IceMelonCannon.MelonLoader.csproj", "{D07715EF-0FE5-4020-8956-9666AA8C9EB4}"
EndProject
Project("{FAE04EC0-301F-11D3-BF4B-00C04F79EFBC}") = "IceMelonCannon.BepInEx", "BepInEx\IceMelonCannon.BepInEx\IceMelonCannon.BepInEx.csproj", "{A8432C5C-2668-4D2F-9422-52EC6F48D8D9}"
EndProject
Project("{FAE04EC0-301F-11D3-BF4B-00C04F79EFBC}") = "UltimateWinterMelonCannon.MelonLoader", "MelonLoader\UltimateWinterMelonCannon.MelonLoader\UltimateWinterMelonCannon.MelonLoader.csproj", "{9B430F23-DD31-4583-904B-9141182BF289}"
EndProject
Project("{FAE04EC0-301F-11D3-BF4B-00C04F79EFBC}") = "ObsidianDollZombie.MelonLoader", "MelonLoader\ObsidianDollZombie.MelonLoader\ObsidianDollZombie.MelonLoader.csproj", "{CAFC6DA0-4807-4F12-A42B-B4FC01A7E50C}"
EndProject
Project("{FAE04EC0-301F-11D3-BF4B-00C04F79EFBC}") = "UltimateWinterMelonCannon.BepInEx", "BepInEx\UltimateWinterMelonCannon.BepInEx\UltimateWinterMelonCannon.BepInEx.csproj", "{662671DD-E7E8-4980-85C4-C376D3F47145}"
EndProject
Project("{FAE04EC0-301F-11D3-BF4B-00C04F79EFBC}") = "ObsidianDollZombie.BepInEx", "BepInEx\ObsidianDollZombie.BepInEx\ObsidianDollZombie.BepInEx.csproj", "{FD2E30BC-206F-4624-A577-959E1785AD9C}"
EndProject
Project("{2150E333-8FDC-42A3-9474-1A3956D46DE8}") = "解决方案项", "解决方案项", "{9FA3D6BD-1EC1-3BA5-80CB-CE02773A58D5}"
	ProjectSection(SolutionItems) = preProject
		LICENSE = LICENSE
		NOTICE.txt = NOTICE.txt
		README.md = README.md
	EndProjectSection
EndProject
Global
	GlobalSection(SolutionConfigurationPlatforms) = preSolution
		Debug|Any CPU = Debug|Any CPU
		Release|Any CPU = Release|Any CPU
	EndGlobalSection
	GlobalSection(ProjectConfigurationPlatforms) = postSolution
		{94D44102-4ED2-488E-8039-BEBD9EACC976}.Debug|Any CPU.ActiveCfg = Debug|Any CPU
		{94D44102-4ED2-488E-8039-BEBD9EACC976}.Debug|Any CPU.Build.0 = Debug|Any CPU
		{94D44102-4ED2-488E-8039-BEBD9EACC976}.Release|Any CPU.ActiveCfg = Release|Any CPU
		{94D44102-4ED2-488E-8039-BEBD9EACC976}.Release|Any CPU.Build.0 = Release|Any CPU
		{0C1E37ED-F98F-C9AB-2788-675AD5BF7AFC}.Debug|Any CPU.ActiveCfg = Debug|Any CPU
		{0C1E37ED-F98F-C9AB-2788-675AD5BF7AFC}.Debug|Any CPU.Build.0 = Debug|Any CPU
		{0C1E37ED-F98F-C9AB-2788-675AD5BF7AFC}.Release|Any CPU.ActiveCfg = Release|Any CPU
		{0C1E37ED-F98F-C9AB-2788-675AD5BF7AFC}.Release|Any CPU.Build.0 = Release|Any CPU
		{EF36B04E-5C2E-4FDB-98F2-4877CA31809D}.Debug|Any CPU.ActiveCfg = Debug|Any CPU
		{EF36B04E-5C2E-4FDB-98F2-4877CA31809D}.Debug|Any CPU.Build.0 = Debug|Any CPU
		{EF36B04E-5C2E-4FDB-98F2-4877CA31809D}.Release|Any CPU.ActiveCfg = Release|Any CPU
		{EF36B04E-5C2E-4FDB-98F2-4877CA31809D}.Release|Any CPU.Build.0 = Release|Any CPU
		{F8C09B25-0575-4BD1-8447-C29A85159292}.Debug|Any CPU.ActiveCfg = Debug|Any CPU
		{F8C09B25-0575-4BD1-8447-C29A85159292}.Debug|Any CPU.Build.0 = Debug|Any CPU
		{F8C09B25-0575-4BD1-8447-C29A85159292}.Release|Any CPU.ActiveCfg = Release|Any CPU
		{F8C09B25-0575-4BD1-8447-C29A85159292}.Release|Any CPU.Build.0 = Release|Any CPU
		{81E133A4-C385-4325-81C5-65BDCCDD722C}.Debug|Any CPU.ActiveCfg = Debug|Any CPU
		{81E133A4-C385-4325-81C5-65BDCCDD722C}.Debug|Any CPU.Build.0 = Debug|Any CPU
		{81E133A4-C385-4325-81C5-65BDCCDD722C}.Release|Any CPU.ActiveCfg = Release|Any CPU
		{81E133A4-C385-4325-81C5-65BDCCDD722C}.Release|Any CPU.Build.0 = Release|Any CPU
		{3F33230D-2519-4257-A313-C041DCF0D154}.Debug|Any CPU.ActiveCfg = Debug|Any CPU
		{3F33230D-2519-4257-A313-C041DCF0D154}.Debug|Any CPU.Build.0 = Debug|Any CPU
		{3F33230D-2519-4257-A313-C041DCF0D154}.Release|Any CPU.ActiveCfg = Release|Any CPU
		{3F33230D-2519-4257-A313-C041DCF0D154}.Release|Any CPU.Build.0 = Release|Any CPU
		{87C8F244-61A3-4515-B2B0-8CBA5FA54F34}.Debug|Any CPU.ActiveCfg = Debug|Any CPU
		{87C8F244-61A3-4515-B2B0-8CBA5FA54F34}.Debug|Any CPU.Build.0 = Debug|Any CPU
		{87C8F244-61A3-4515-B2B0-8CBA5FA54F34}.Release|Any CPU.ActiveCfg = Release|Any CPU
		{87C8F244-61A3-4515-B2B0-8CBA5FA54F34}.Release|Any CPU.Build.0 = Release|Any CPU
		{42B6EAFE-86A7-4F7C-985C-0EB470AE0A23}.Debug|Any CPU.ActiveCfg = Debug|Any CPU
		{42B6EAFE-86A7-4F7C-985C-0EB470AE0A23}.Debug|Any CPU.Build.0 = Debug|Any CPU
		{42B6EAFE-86A7-4F7C-985C-0EB470AE0A23}.Release|Any CPU.ActiveCfg = Release|Any CPU
		{42B6EAFE-86A7-4F7C-985C-0EB470AE0A23}.Release|Any CPU.Build.0 = Release|Any CPU
		{02C8444B-7CE6-4E16-8653-63C597697412}.Debug|Any CPU.ActiveCfg = Debug|Any CPU
		{02C8444B-7CE6-4E16-8653-63C597697412}.Debug|Any CPU.Build.0 = Debug|Any CPU
		{02C8444B-7CE6-4E16-8653-63C597697412}.Release|Any CPU.ActiveCfg = Release|Any CPU
		{02C8444B-7CE6-4E16-8653-63C597697412}.Release|Any CPU.Build.0 = Release|Any CPU
		{AFF75A84-1C4A-4100-95E0-514F053DC910}.Debug|Any CPU.ActiveCfg = Debug|Any CPU
		{AFF75A84-1C4A-4100-95E0-514F053DC910}.Debug|Any CPU.Build.0 = Debug|Any CPU
		{AFF75A84-1C4A-4100-95E0-514F053DC910}.Release|Any CPU.ActiveCfg = Release|Any CPU
		{AFF75A84-1C4A-4100-95E0-514F053DC910}.Release|Any CPU.Build.0 = Release|Any CPU
		{A3613A65-3B2A-40C7-969C-8DA191840ACC}.Debug|Any CPU.ActiveCfg = Debug|Any CPU
		{A3613A65-3B2A-40C7-969C-8DA191840ACC}.Debug|Any CPU.Build.0 = Debug|Any CPU
		{A3613A65-3B2A-40C7-969C-8DA191840ACC}.Release|Any CPU.ActiveCfg = Release|Any CPU
		{A3613A65-3B2A-40C7-969C-8DA191840ACC}.Release|Any CPU.Build.0 = Release|Any CPU
		{AFF7502B-A71F-4446-B5AC-C331896212EC}.Debug|Any CPU.ActiveCfg = Debug|Any CPU
		{AFF7502B-A71F-4446-B5AC-C331896212EC}.Debug|Any CPU.Build.0 = Debug|Any CPU
		{AFF7502B-A71F-4446-B5AC-C331896212EC}.Release|Any CPU.ActiveCfg = Release|Any CPU
		{AFF7502B-A71F-4446-B5AC-C331896212EC}.Release|Any CPU.Build.0 = Release|Any CPU
		{BBA3DAE0-3832-45FF-BB61-0CE093A37278}.Debug|Any CPU.ActiveCfg = Debug|Any CPU
		{BBA3DAE0-3832-45FF-BB61-0CE093A37278}.Debug|Any CPU.Build.0 = Debug|Any CPU
		{BBA3DAE0-3832-45FF-BB61-0CE093A37278}.Release|Any CPU.ActiveCfg = Release|Any CPU
		{BBA3DAE0-3832-45FF-BB61-0CE093A37278}.Release|Any CPU.Build.0 = Release|Any CPU
		{41AF7948-E4A3-4C32-AD65-10D47D5F4026}.Debug|Any CPU.ActiveCfg = Debug|Any CPU
		{41AF7948-E4A3-4C32-AD65-10D47D5F4026}.Debug|Any CPU.Build.0 = Debug|Any CPU
		{41AF7948-E4A3-4C32-AD65-10D47D5F4026}.Release|Any CPU.ActiveCfg = Release|Any CPU
		{41AF7948-E4A3-4C32-AD65-10D47D5F4026}.Release|Any CPU.Build.0 = Release|Any CPU
		{428112A4-ADDA-4F80-8860-502F31ED7CCF}.Debug|Any CPU.ActiveCfg = Debug|Any CPU
		{428112A4-ADDA-4F80-8860-502F31ED7CCF}.Debug|Any CPU.Build.0 = Debug|Any CPU
		{428112A4-ADDA-4F80-8860-502F31ED7CCF}.Release|Any CPU.ActiveCfg = Release|Any CPU
		{428112A4-ADDA-4F80-8860-502F31ED7CCF}.Release|Any CPU.Build.0 = Release|Any CPU
		{3D95940E-3F75-4C95-9A08-9B155E6A48DF}.Debug|Any CPU.ActiveCfg = Debug|Any CPU
		{3D95940E-3F75-4C95-9A08-9B155E6A48DF}.Debug|Any CPU.Build.0 = Debug|Any CPU
		{3D95940E-3F75-4C95-9A08-9B155E6A48DF}.Release|Any CPU.ActiveCfg = Release|Any CPU
		{3D95940E-3F75-4C95-9A08-9B155E6A48DF}.Release|Any CPU.Build.0 = Release|Any CPU
		{375AEA77-F569-479B-8449-23C90E789910}.Debug|Any CPU.ActiveCfg = Debug|Any CPU
		{375AEA77-F569-479B-8449-23C90E789910}.Debug|Any CPU.Build.0 = Debug|Any CPU
		{375AEA77-F569-479B-8449-23C90E789910}.Release|Any CPU.ActiveCfg = Release|Any CPU
		{375AEA77-F569-479B-8449-23C90E789910}.Release|Any CPU.Build.0 = Release|Any CPU
		{2290CD01-7BAF-4A4A-874D-69E1CB5DE9D3}.Debug|Any CPU.ActiveCfg = Debug|Any CPU
		{2290CD01-7BAF-4A4A-874D-69E1CB5DE9D3}.Debug|Any CPU.Build.0 = Debug|Any CPU
		{2290CD01-7BAF-4A4A-874D-69E1CB5DE9D3}.Release|Any CPU.ActiveCfg = Release|Any CPU
		{2290CD01-7BAF-4A4A-874D-69E1CB5DE9D3}.Release|Any CPU.Build.0 = Release|Any CPU
		{A73577ED-83DA-4738-B928-BE1270C426FF}.Debug|Any CPU.ActiveCfg = Debug|Any CPU
		{A73577ED-83DA-4738-B928-BE1270C426FF}.Debug|Any CPU.Build.0 = Debug|Any CPU
		{A73577ED-83DA-4738-B928-BE1270C426FF}.Release|Any CPU.ActiveCfg = Release|Any CPU
		{A73577ED-83DA-4738-B928-BE1270C426FF}.Release|Any CPU.Build.0 = Release|Any CPU
		{16DE53FB-1260-46E4-A1C2-0207E4E9D4F3}.Debug|Any CPU.ActiveCfg = Debug|Any CPU
		{16DE53FB-1260-46E4-A1C2-0207E4E9D4F3}.Debug|Any CPU.Build.0 = Debug|Any CPU
		{16DE53FB-1260-46E4-A1C2-0207E4E9D4F3}.Release|Any CPU.ActiveCfg = Release|Any CPU
		{16DE53FB-1260-46E4-A1C2-0207E4E9D4F3}.Release|Any CPU.Build.0 = Release|Any CPU
		{5FFD23DA-6DF0-4B02-9A7B-2C9885845989}.Debug|Any CPU.ActiveCfg = Debug|Any CPU
		{5FFD23DA-6DF0-4B02-9A7B-2C9885845989}.Debug|Any CPU.Build.0 = Debug|Any CPU
		{5FFD23DA-6DF0-4B02-9A7B-2C9885845989}.Release|Any CPU.ActiveCfg = Release|Any CPU
		{5FFD23DA-6DF0-4B02-9A7B-2C9885845989}.Release|Any CPU.Build.0 = Release|Any CPU
		{D07715EF-0FE5-4020-8956-9666AA8C9EB4}.Debug|Any CPU.ActiveCfg = Debug|Any CPU
		{D07715EF-0FE5-4020-8956-9666AA8C9EB4}.Debug|Any CPU.Build.0 = Debug|Any CPU
		{D07715EF-0FE5-4020-8956-9666AA8C9EB4}.Release|Any CPU.ActiveCfg = Release|Any CPU
		{D07715EF-0FE5-4020-8956-9666AA8C9EB4}.Release|Any CPU.Build.0 = Release|Any CPU
		{A8432C5C-2668-4D2F-9422-52EC6F48D8D9}.Debug|Any CPU.ActiveCfg = Debug|Any CPU
		{A8432C5C-2668-4D2F-9422-52EC6F48D8D9}.Debug|Any CPU.Build.0 = Debug|Any CPU
		{A8432C5C-2668-4D2F-9422-52EC6F48D8D9}.Release|Any CPU.ActiveCfg = Release|Any CPU
		{A8432C5C-2668-4D2F-9422-52EC6F48D8D9}.Release|Any CPU.Build.0 = Release|Any CPU
		{9B430F23-DD31-4583-904B-9141182BF289}.Debug|Any CPU.ActiveCfg = Debug|Any CPU
		{9B430F23-DD31-4583-904B-9141182BF289}.Debug|Any CPU.Build.0 = Debug|Any CPU
		{9B430F23-DD31-4583-904B-9141182BF289}.Release|Any CPU.ActiveCfg = Release|Any CPU
		{9B430F23-DD31-4583-904B-9141182BF289}.Release|Any CPU.Build.0 = Release|Any CPU
		{CAFC6DA0-4807-4F12-A42B-B4FC01A7E50C}.Debug|Any CPU.ActiveCfg = Debug|Any CPU
		{CAFC6DA0-4807-4F12-A42B-B4FC01A7E50C}.Debug|Any CPU.Build.0 = Debug|Any CPU
		{CAFC6DA0-4807-4F12-A42B-B4FC01A7E50C}.Release|Any CPU.ActiveCfg = Release|Any CPU
		{CAFC6DA0-4807-4F12-A42B-B4FC01A7E50C}.Release|Any CPU.Build.0 = Release|Any CPU
		{662671DD-E7E8-4980-85C4-C376D3F47145}.Debug|Any CPU.ActiveCfg = Debug|Any CPU
		{662671DD-E7E8-4980-85C4-C376D3F47145}.Debug|Any CPU.Build.0 = Debug|Any CPU
		{662671DD-E7E8-4980-85C4-C376D3F47145}.Release|Any CPU.ActiveCfg = Release|Any CPU
		{662671DD-E7E8-4980-85C4-C376D3F47145}.Release|Any CPU.Build.0 = Release|Any CPU
		{FD2E30BC-206F-4624-A577-959E1785AD9C}.Debug|Any CPU.ActiveCfg = Debug|Any CPU
		{FD2E30BC-206F-4624-A577-959E1785AD9C}.Debug|Any CPU.Build.0 = Debug|Any CPU
		{FD2E30BC-206F-4624-A577-959E1785AD9C}.Release|Any CPU.ActiveCfg = Release|Any CPU
		{FD2E30BC-206F-4624-A577-959E1785AD9C}.Release|Any CPU.Build.0 = Release|Any CPU
	EndGlobalSection
	GlobalSection(SolutionProperties) = preSolution
		HideSolutionNode = FALSE
	EndGlobalSection
	GlobalSection(ExtensibilityGlobals) = postSolution
		SolutionGuid = {DAFB2666-6553-4132-AA64-A693F3DDDE78}
	EndGlobalSection
EndGlobal
